// !$*UTF8*$!
{
	archiveVersion = 1;
	classes = {
	};
	objectVersion = 46;
	objects = {

/* Begin PBXBuildFile section */
		ADB7D9BC18F9343200EFDB02 /* Foundation.framework in Frameworks */ = {isa = PBXBuildFile; fileRef = ADB7D9BB18F9343200EFDB02 /* Foundation.framework */; };
		ADB7D9BE18F9343200EFDB02 /* CoreGraphics.framework in Frameworks */ = {isa = PBXBuildFile; fileRef = ADB7D9BD18F9343200EFDB02 /* CoreGraphics.framework */; };
		ADB7D9C018F9343200EFDB02 /* UIKit.framework in Frameworks */ = {isa = PBXBuildFile; fileRef = ADB7D9BF18F9343200EFDB02 /* UIKit.framework */; };
		ADB7D9C618F9343200EFDB02 /* InfoPlist.strings in Resources */ = {isa = PBXBuildFile; fileRef = ADB7D9C418F9343200EFDB02 /* InfoPlist.strings */; };
		ADB7D9C818F9343200EFDB02 /* main.m in Sources */ = {isa = PBXBuildFile; fileRef = ADB7D9C718F9343200EFDB02 /* main.m */; };
		ADB7D9CC18F9343200EFDB02 /* AppDelegate.m in Sources */ = {isa = PBXBuildFile; fileRef = ADB7D9CB18F9343200EFDB02 /* AppDelegate.m */; };
		ADB7D9CE18F9343200EFDB02 /* Images.xcassets in Resources */ = {isa = PBXBuildFile; fileRef = ADB7D9CD18F9343200EFDB02 /* Images.xcassets */; };
		ADB7D9D518F9343200EFDB02 /* XCTest.framework in Frameworks */ = {isa = PBXBuildFile; fileRef = ADB7D9D418F9343200EFDB02 /* XCTest.framework */; };
		ADB7D9D618F9343200EFDB02 /* Foundation.framework in Frameworks */ = {isa = PBXBuildFile; fileRef = ADB7D9BB18F9343200EFDB02 /* Foundation.framework */; };
		ADB7D9D718F9343200EFDB02 /* UIKit.framework in Frameworks */ = {isa = PBXBuildFile; fileRef = ADB7D9BF18F9343200EFDB02 /* UIKit.framework */; };
		ADB7D9DF18F9343200EFDB02 /* InfoPlist.strings in Resources */ = {isa = PBXBuildFile; fileRef = ADB7D9DD18F9343200EFDB02 /* InfoPlist.strings */; };
		ADB7D9EC18F9346500EFDB02 /* GomokuBoard.m in Sources */ = {isa = PBXBuildFile; fileRef = ADB7D9EB18F9346500EFDB02 /* GomokuBoard.m */; };
		ADB7D9F218F9799B00EFDB02 /* GameViewController.m in Sources */ = {isa = PBXBuildFile; fileRef = ADB7D9F018F9799B00EFDB02 /* GameViewController.m */; };
		ADB7D9F318F9799B00EFDB02 /* GameViewController.xib in Resources */ = {isa = PBXBuildFile; fileRef = ADB7D9F118F9799B00EFDB02 /* GameViewController.xib */; };
		ADB7D9FA18F97B9600EFDB02 /* BoardView.m in Sources */ = {isa = PBXBuildFile; fileRef = ADB7D9F918F97B9600EFDB02 /* BoardView.m */; };
		ADB7DA0018F9834000EFDB02 /* StoneView.m in Sources */ = {isa = PBXBuildFile; fileRef = ADB7D9FF18F9834000EFDB02 /* StoneView.m */; };
		ADEC88F918F9E556007367F6 /* BoardTests.m in Sources */ = {isa = PBXBuildFile; fileRef = ADEC88F818F9E556007367F6 /* BoardTests.m */; };
/* End PBXBuildFile section */

/* Begin PBXContainerItemProxy section */
		ADB7D9D818F9343200EFDB02 /* PBXContainerItemProxy */ = {
			isa = PBXContainerItemProxy;
			containerPortal = ADB7D9B018F9343200EFDB02 /* Project object */;
			proxyType = 1;
			remoteGlobalIDString = ADB7D9B718F9343200EFDB02;
			remoteInfo = Gomoku;
		};
/* End PBXContainerItemProxy section */

/* Begin PBXFileReference section */
		ADB7D9B818F9343200EFDB02 /* Gomoku.app */ = {isa = PBXFileReference; explicitFileType = wrapper.application; includeInIndex = 0; path = Gomoku.app; sourceTree = BUILT_PRODUCTS_DIR; };
		ADB7D9BB18F9343200EFDB02 /* Foundation.framework */ = {isa = PBXFileReference; lastKnownFileType = wrapper.framework; name = Foundation.framework; path = System/Library/Frameworks/Foundation.framework; sourceTree = SDKROOT; };
		ADB7D9BD18F9343200EFDB02 /* CoreGraphics.framework */ = {isa = PBXFileReference; lastKnownFileType = wrapper.framework; name = CoreGraphics.framework; path = System/Library/Frameworks/CoreGraphics.framework; sourceTree = SDKROOT; };
		ADB7D9BF18F9343200EFDB02 /* UIKit.framework */ = {isa = PBXFileReference; lastKnownFileType = wrapper.framework; name = UIKit.framework; path = System/Library/Frameworks/UIKit.framework; sourceTree = SDKROOT; };
		ADB7D9C318F9343200EFDB02 /* Gomoku-Info.plist */ = {isa = PBXFileReference; lastKnownFileType = text.plist.xml; path = "Gomoku-Info.plist"; sourceTree = "<group>"; };
		ADB7D9C518F9343200EFDB02 /* en */ = {isa = PBXFileReference; lastKnownFileType = text.plist.strings; name = en; path = en.lproj/InfoPlist.strings; sourceTree = "<group>"; };
		ADB7D9C718F9343200EFDB02 /* main.m */ = {isa = PBXFileReference; lastKnownFileType = sourcecode.c.objc; path = main.m; sourceTree = "<group>"; };
		ADB7D9C918F9343200EFDB02 /* Gomoku-Prefix.pch */ = {isa = PBXFileReference; lastKnownFileType = sourcecode.c.h; path = "Gomoku-Prefix.pch"; sourceTree = "<group>"; };
		ADB7D9CA18F9343200EFDB02 /* AppDelegate.h */ = {isa = PBXFileReference; lastKnownFileType = sourcecode.c.h; path = AppDelegate.h; sourceTree = "<group>"; };
		ADB7D9CB18F9343200EFDB02 /* AppDelegate.m */ = {isa = PBXFileReference; lastKnownFileType = sourcecode.c.objc; path = AppDelegate.m; sourceTree = "<group>"; };
		ADB7D9CD18F9343200EFDB02 /* Images.xcassets */ = {isa = PBXFileReference; lastKnownFileType = folder.assetcatalog; path = Images.xcassets; sourceTree = "<group>"; };
		ADB7D9D318F9343200EFDB02 /* GomokuTests.xctest */ = {isa = PBXFileReference; explicitFileType = wrapper.cfbundle; includeInIndex = 0; path = GomokuTests.xctest; sourceTree = BUILT_PRODUCTS_DIR; };
		ADB7D9D418F9343200EFDB02 /* XCTest.framework */ = {isa = PBXFileReference; lastKnownFileType = wrapper.framework; name = XCTest.framework; path = Library/Frameworks/XCTest.framework; sourceTree = DEVELOPER_DIR; };
		ADB7D9DC18F9343200EFDB02 /* GomokuTests-Info.plist */ = {isa = PBXFileReference; lastKnownFileType = text.plist.xml; path = "GomokuTests-Info.plist"; sourceTree = "<group>"; };
		ADB7D9DE18F9343200EFDB02 /* en */ = {isa = PBXFileReference; lastKnownFileType = text.plist.strings; name = en; path = en.lproj/InfoPlist.strings; sourceTree = "<group>"; };
		ADB7D9EA18F9346500EFDB02 /* GomokuBoard.h */ = {isa = PBXFileReference; fileEncoding = 4; lastKnownFileType = sourcecode.c.h; path = GomokuBoard.h; sourceTree = "<group>"; };
		ADB7D9EB18F9346500EFDB02 /* GomokuBoard.m */ = {isa = PBXFileReference; fileEncoding = 4; lastKnownFileType = sourcecode.c.objc; path = GomokuBoard.m; sourceTree = "<group>"; };
		ADB7D9ED18F936A300EFDB02 /* GomokuGeometry.h */ = {isa = PBXFileReference; lastKnownFileType = sourcecode.c.h; path = GomokuGeometry.h; sourceTree = "<group>"; };
		ADB7D9EF18F9799B00EFDB02 /* GameViewController.h */ = {isa = PBXFileReference; fileEncoding = 4; lastKnownFileType = sourcecode.c.h; path = GameViewController.h; sourceTree = "<group>"; };
		ADB7D9F018F9799B00EFDB02 /* GameViewController.m */ = {isa = PBXFileReference; fileEncoding = 4; lastKnownFileType = sourcecode.c.objc; path = GameViewController.m; sourceTree = "<group>"; };
		ADB7D9F118F9799B00EFDB02 /* GameViewController.xib */ = {isa = PBXFileReference; fileEncoding = 4; lastKnownFileType = file.xib; path = GameViewController.xib; sourceTree = "<group>"; };
		ADB7D9F818F97B9600EFDB02 /* BoardView.h */ = {isa = PBXFileReference; fileEncoding = 4; lastKnownFileType = sourcecode.c.h; path = BoardView.h; sourceTree = "<group>"; };
		ADB7D9F918F97B9600EFDB02 /* BoardView.m */ = {isa = PBXFileReference; fileEncoding = 4; lastKnownFileType = sourcecode.c.objc; path = BoardView.m; sourceTree = "<group>"; };
		ADB7D9FE18F9834000EFDB02 /* StoneView.h */ = {isa = PBXFileReference; fileEncoding = 4; lastKnownFileType = sourcecode.c.h; path = StoneView.h; sourceTree = "<group>"; };
		ADB7D9FF18F9834000EFDB02 /* StoneView.m */ = {isa = PBXFileReference; fileEncoding = 4; lastKnownFileType = sourcecode.c.objc; path = StoneView.m; sourceTree = "<group>"; };
		ADEC88F818F9E556007367F6 /* BoardTests.m */ = {isa = PBXFileReference; fileEncoding = 4; lastKnownFileType = sourcecode.c.objc; path = BoardTests.m; sourceTree = "<group>"; };
/* End PBXFileReference section */

/* Begin PBXFrameworksBuildPhase section */
		ADB7D9B518F9343200EFDB02 /* Frameworks */ = {
			isa = PBXFrameworksBuildPhase;
			buildActionMask = 2147483647;
			files = (
				ADB7D9BE18F9343200EFDB02 /* CoreGraphics.framework in Frameworks */,
				ADB7D9C018F9343200EFDB02 /* UIKit.framework in Frameworks */,
				ADB7D9BC18F9343200EFDB02 /* Foundation.framework in Frameworks */,
			);
			runOnlyForDeploymentPostprocessing = 0;
		};
		ADB7D9D018F9343200EFDB02 /* Frameworks */ = {
			isa = PBXFrameworksBuildPhase;
			buildActionMask = 2147483647;
			files = (
				ADB7D9D518F9343200EFDB02 /* XCTest.framework in Frameworks */,
				ADB7D9D718F9343200EFDB02 /* UIKit.framework in Frameworks */,
				ADB7D9D618F9343200EFDB02 /* Foundation.framework in Frameworks */,
			);
			runOnlyForDeploymentPostprocessing = 0;
		};
/* End PBXFrameworksBuildPhase section */

/* Begin PBXGroup section */
		ADB7D9AF18F9343200EFDB02 = {
			isa = PBXGroup;
			children = (
				ADB7D9C118F9343200EFDB02 /* Gomoku */,
				ADB7D9DA18F9343200EFDB02 /* GomokuTests */,
				ADB7D9BA18F9343200EFDB02 /* Frameworks */,
				ADB7D9B918F9343200EFDB02 /* Products */,
			);
			sourceTree = "<group>";
		};
		ADB7D9B918F9343200EFDB02 /* Products */ = {
			isa = PBXGroup;
			children = (
				ADB7D9B818F9343200EFDB02 /* Gomoku.app */,
				ADB7D9D318F9343200EFDB02 /* GomokuTests.xctest */,
			);
			name = Products;
			sourceTree = "<group>";
		};
		ADB7D9BA18F9343200EFDB02 /* Frameworks */ = {
			isa = PBXGroup;
			children = (
				ADB7D9BB18F9343200EFDB02 /* Foundation.framework */,
				ADB7D9BD18F9343200EFDB02 /* CoreGraphics.framework */,
				ADB7D9BF18F9343200EFDB02 /* UIKit.framework */,
				ADB7D9D418F9343200EFDB02 /* XCTest.framework */,
			);
			name = Frameworks;
			sourceTree = "<group>";
		};
		ADB7D9C118F9343200EFDB02 /* Gomoku */ = {
			isa = PBXGroup;
			children = (
				ADB7D9EE18F9457200EFDB02 /* Gomoku Model */,
				ADB7D9F518F97A6800EFDB02 /* Views & Controllers */,
				ADB7D9CA18F9343200EFDB02 /* AppDelegate.h */,
				ADB7D9CB18F9343200EFDB02 /* AppDelegate.m */,
				ADB7D9CD18F9343200EFDB02 /* Images.xcassets */,
				ADB7D9C218F9343200EFDB02 /* Supporting Files */,
			);
			path = Gomoku;
			sourceTree = "<group>";
		};
		ADB7D9C218F9343200EFDB02 /* Supporting Files */ = {
			isa = PBXGroup;
			children = (
				ADB7D9C318F9343200EFDB02 /* Gomoku-Info.plist */,
				ADB7D9C418F9343200EFDB02 /* InfoPlist.strings */,
				ADB7D9C718F9343200EFDB02 /* main.m */,
				ADB7D9C918F9343200EFDB02 /* Gomoku-Prefix.pch */,
			);
			name = "Supporting Files";
			sourceTree = "<group>";
		};
		ADB7D9DA18F9343200EFDB02 /* GomokuTests */ = {
			isa = PBXGroup;
			children = (
				ADEC88F818F9E556007367F6 /* BoardTests.m */,
				ADB7D9DB18F9343200EFDB02 /* Supporting Files */,
			);
			path = GomokuTests;
			sourceTree = "<group>";
		};
		ADB7D9DB18F9343200EFDB02 /* Supporting Files */ = {
			isa = PBXGroup;
			children = (
				ADB7D9DC18F9343200EFDB02 /* GomokuTests-Info.plist */,
				ADB7D9DD18F9343200EFDB02 /* InfoPlist.strings */,
			);
			name = "Supporting Files";
			sourceTree = "<group>";
		};
		ADB7D9EE18F9457200EFDB02 /* Gomoku Model */ = {
			isa = PBXGroup;
			children = (
				ADB7D9ED18F936A300EFDB02 /* GomokuGeometry.h */,
				ADB7D9EA18F9346500EFDB02 /* GomokuBoard.h */,
				ADB7D9EB18F9346500EFDB02 /* GomokuBoard.m */,
			);
			name = "Gomoku Model";
			sourceTree = "<group>";
		};
		ADB7D9F518F97A6800EFDB02 /* Views & Controllers */ = {
			isa = PBXGroup;
			children = (
				ADB7D9FD18F9833300EFDB02 /* Stone View */,
				ADB7D9F718F97AAD00EFDB02 /* Board View */,
				ADB7D9F618F97AA100EFDB02 /* Game Controller */,
			);
			name = "Views & Controllers";
			sourceTree = "<group>";
		};
		ADB7D9F618F97AA100EFDB02 /* Game Controller */ = {
			isa = PBXGroup;
			children = (
				ADB7D9EF18F9799B00EFDB02 /* GameViewController.h */,
				ADB7D9F018F9799B00EFDB02 /* GameViewController.m */,
				ADB7D9F118F9799B00EFDB02 /* GameViewController.xib */,
			);
			name = "Game Controller";
			sourceTree = "<group>";
		};
		ADB7D9F718F97AAD00EFDB02 /* Board View */ = {
			isa = PBXGroup;
			children = (
				ADB7D9F818F97B9600EFDB02 /* BoardView.h */,
				ADB7D9F918F97B9600EFDB02 /* BoardView.m */,
			);
			name = "Board View";
			sourceTree = "<group>";
		};
		ADB7D9FD18F9833300EFDB02 /* Stone View */ = {
			isa = PBXGroup;
			children = (
				ADB7D9FE18F9834000EFDB02 /* StoneView.h */,
				ADB7D9FF18F9834000EFDB02 /* StoneView.m */,
			);
			name = "Stone View";
			sourceTree = "<group>";
		};
/* End PBXGroup section */

/* Begin PBXNativeTarget section */
		ADB7D9B718F9343200EFDB02 /* Gomoku */ = {
			isa = PBXNativeTarget;
			buildConfigurationList = ADB7D9E418F9343200EFDB02 /* Build configuration list for PBXNativeTarget "Gomoku" */;
			buildPhases = (
				ADB7D9B418F9343200EFDB02 /* Sources */,
				ADB7D9B518F9343200EFDB02 /* Frameworks */,
				ADB7D9B618F9343200EFDB02 /* Resources */,
			);
			buildRules = (
			);
			dependencies = (
			);
			name = Gomoku;
			productName = Gomoku;
			productReference = ADB7D9B818F9343200EFDB02 /* Gomoku.app */;
			productType = "com.apple.product-type.application";
		};
		ADB7D9D218F9343200EFDB02 /* GomokuTests */ = {
			isa = PBXNativeTarget;
			buildConfigurationList = ADB7D9E718F9343200EFDB02 /* Build configuration list for PBXNativeTarget "GomokuTests" */;
			buildPhases = (
				ADB7D9CF18F9343200EFDB02 /* Sources */,
				ADB7D9D018F9343200EFDB02 /* Frameworks */,
				ADB7D9D118F9343200EFDB02 /* Resources */,
			);
			buildRules = (
			);
			dependencies = (
				ADB7D9D918F9343200EFDB02 /* PBXTargetDependency */,
			);
			name = GomokuTests;
			productName = GomokuTests;
			productReference = ADB7D9D318F9343200EFDB02 /* GomokuTests.xctest */;
			productType = "com.apple.product-type.bundle.unit-test";
		};
/* End PBXNativeTarget section */

/* Begin PBXProject section */
		ADB7D9B018F9343200EFDB02 /* Project object */ = {
			isa = PBXProject;
			attributes = {
				LastUpgradeCheck = 0510;
				ORGANIZATIONNAME = "Vitaly Berg";
				TargetAttributes = {
					ADB7D9D218F9343200EFDB02 = {
						TestTargetID = ADB7D9B718F9343200EFDB02;
					};
				};
			};
			buildConfigurationList = ADB7D9B318F9343200EFDB02 /* Build configuration list for PBXProject "Gomoku" */;
			compatibilityVersion = "Xcode 3.2";
			developmentRegion = English;
			hasScannedForEncodings = 0;
			knownRegions = (
				en,
			);
			mainGroup = ADB7D9AF18F9343200EFDB02;
			productRefGroup = ADB7D9B918F9343200EFDB02 /* Products */;
			projectDirPath = "";
			projectRoot = "";
			targets = (
				ADB7D9B718F9343200EFDB02 /* Gomoku */,
				ADB7D9D218F9343200EFDB02 /* GomokuTests */,
			);
		};
/* End PBXProject section */

/* Begin PBXResourcesBuildPhase section */
		ADB7D9B618F9343200EFDB02 /* Resources */ = {
			isa = PBXResourcesBuildPhase;
			buildActionMask = 2147483647;
			files = (
				ADB7D9C618F9343200EFDB02 /* InfoPlist.strings in Resources */,
				ADB7D9F318F9799B00EFDB02 /* GameViewController.xib in Resources */,
				ADB7D9CE18F9343200EFDB02 /* Images.xcassets in Resources */,
			);
			runOnlyForDeploymentPostprocessing = 0;
		};
		ADB7D9D118F9343200EFDB02 /* Resources */ = {
			isa = PBXResourcesBuildPhase;
			buildActionMask = 2147483647;
			files = (
				ADB7D9DF18F9343200EFDB02 /* InfoPlist.strings in Resources */,
			);
			runOnlyForDeploymentPostprocessing = 0;
		};
/* End PBXResourcesBuildPhase section */

/* Begin PBXSourcesBuildPhase section */
		ADB7D9B418F9343200EFDB02 /* Sources */ = {
			isa = PBXSourcesBuildPhase;
			buildActionMask = 2147483647;
			files = (
				ADB7DA0018F9834000EFDB02 /* StoneView.m in Sources */,
				ADB7D9CC18F9343200EFDB02 /* AppDelegate.m in Sources */,
				ADB7D9C818F9343200EFDB02 /* main.m in Sources */,
				ADB7D9F218F9799B00EFDB02 /* GameViewController.m in Sources */,
				ADB7D9EC18F9346500EFDB02 /* GomokuBoard.m in Sources */,
				ADB7D9FA18F97B9600EFDB02 /* BoardView.m in Sources */,
			);
			runOnlyForDeploymentPostprocessing = 0;
		};
		ADB7D9CF18F9343200EFDB02 /* Sources */ = {
			isa = PBXSourcesBuildPhase;
			buildActionMask = 2147483647;
			files = (
				ADEC88F918F9E556007367F6 /* BoardTests.m in Sources */,
			);
			runOnlyForDeploymentPostprocessing = 0;
		};
/* End PBXSourcesBuildPhase section */

/* Begin PBXTargetDependency section */
		ADB7D9D918F9343200EFDB02 /* PBXTargetDependency */ = {
			isa = PBXTargetDependency;
			target = ADB7D9B718F9343200EFDB02 /* Gomoku */;
			targetProxy = ADB7D9D818F9343200EFDB02 /* PBXContainerItemProxy */;
		};
/* End PBXTargetDependency section */

/* Begin PBXVariantGroup section */
		ADB7D9C418F9343200EFDB02 /* InfoPlist.strings */ = {
			isa = PBXVariantGroup;
			children = (
				ADB7D9C518F9343200EFDB02 /* en */,
			);
			name = InfoPlist.strings;
			sourceTree = "<group>";
		};
		ADB7D9DD18F9343200EFDB02 /* InfoPlist.strings */ = {
			isa = PBXVariantGroup;
			children = (
				ADB7D9DE18F9343200EFDB02 /* en */,
			);
			name = InfoPlist.strings;
			sourceTree = "<group>";
		};
/* End PBXVariantGroup section */

/* Begin XCBuildConfiguration section */
		ADB7D9E218F9343200EFDB02 /* Debug */ = {
			isa = XCBuildConfiguration;
			buildSettings = {
				ALWAYS_SEARCH_USER_PATHS = NO;
				CLANG_CXX_LANGUAGE_STANDARD = "gnu++0x";
				CLANG_CXX_LIBRARY = "libc++";
				CLANG_ENABLE_MODULES = YES;
				CLANG_ENABLE_OBJC_ARC = YES;
				CLANG_WARN_BOOL_CONVERSION = YES;
				CLANG_WARN_CONSTANT_CONVERSION = YES;
				CLANG_WARN_DIRECT_OBJC_ISA_USAGE = YES_ERROR;
				CLANG_WARN_EMPTY_BODY = YES;
				CLANG_WARN_ENUM_CONVERSION = YES;
				CLANG_WARN_INT_CONVERSION = YES;
				CLANG_WARN_OBJC_ROOT_CLASS = YES_ERROR;
				CLANG_WARN__DUPLICATE_METHOD_MATCH = YES;
				"CODE_SIGN_IDENTITY[sdk=iphoneos*]" = "iPhone Developer";
				COPY_PHASE_STRIP = NO;
				GCC_C_LANGUAGE_STANDARD = gnu99;
				GCC_DYNAMIC_NO_PIC = NO;
				GCC_OPTIMIZATION_LEVEL = 0;
				GCC_PREPROCESSOR_DEFINITIONS = (
					"DEBUG=1",
					"$(inherited)",
				);
				GCC_SYMBOLS_PRIVATE_EXTERN = NO;
				GCC_WARN_64_TO_32_BIT_CONVERSION = YES;
				GCC_WARN_ABOUT_RETURN_TYPE = YES_ERROR;
				GCC_WARN_UNDECLARED_SELECTOR = YES;
				GCC_WARN_UNINITIALIZED_AUTOS = YES_AGGRESSIVE;
				GCC_WARN_UNUSED_FUNCTION = YES;
				GCC_WARN_UNUSED_VARIABLE = YES;
				IPHONEOS_DEPLOYMENT_TARGET = 7.1;
				ONLY_ACTIVE_ARCH = YES;
				SDKROOT = iphoneos;
			};
			name = Debug;
		};
		ADB7D9E318F9343200EFDB02 /* Release */ = {
			isa = XCBuildConfiguration;
			buildSettings = {
				ALWAYS_SEARCH_USER_PATHS = NO;
				CLANG_CXX_LANGUAGE_STANDARD = "gnu++0x";
				CLANG_CXX_LIBRARY = "libc++";
				CLANG_ENABLE_MODULES = YES;
				CLANG_ENABLE_OBJC_ARC = YES;
				CLANG_WARN_BOOL_CONVERSION = YES;
				CLANG_WARN_CONSTANT_CONVERSION = YES;
				CLANG_WARN_DIRECT_OBJC_ISA_USAGE = YES_ERROR;
				CLANG_WARN_EMPTY_BODY = YES;
				CLANG_WARN_ENUM_CONVERSION = YES;
				CLANG_WARN_INT_CONVERSION = YES;
				CLANG_WARN_OBJC_ROOT_CLASS = YES_ERROR;
				CLANG_WARN__DUPLICATE_METHOD_MATCH = YES;
				"CODE_SIGN_IDENTITY[sdk=iphoneos*]" = "iPhone Developer";
				COPY_PHASE_STRIP = YES;
				ENABLE_NS_ASSERTIONS = NO;
				GCC_C_LANGUAGE_STANDARD = gnu99;
				GCC_WARN_64_TO_32_BIT_CONVERSION = YES;
				GCC_WARN_ABOUT_RETURN_TYPE = YES_ERROR;
				GCC_WARN_UNDECLARED_SELECTOR = YES;
				GCC_WARN_UNINITIALIZED_AUTOS = YES_AGGRESSIVE;
				GCC_WARN_UNUSED_FUNCTION = YES;
				GCC_WARN_UNUSED_VARIABLE = YES;
				IPHONEOS_DEPLOYMENT_TARGET = 7.1;
				SDKROOT = iphoneos;
				VALIDATE_PRODUCT = YES;
			};
			name = Release;
		};
		ADB7D9E518F9343200EFDB02 /* Debug */ = {
			isa = XCBuildConfiguration;
			buildSettings = {
				ASSETCATALOG_COMPILER_APPICON_NAME = AppIcon;
				ASSETCATALOG_COMPILER_LAUNCHIMAGE_NAME = LaunchImage;
				GCC_PRECOMPILE_PREFIX_HEADER = YES;
				GCC_PREFIX_HEADER = "Gomoku/Gomoku-Prefix.pch";
				INFOPLIST_FILE = "Gomoku/Gomoku-Info.plist";
				PRODUCT_NAME = "$(TARGET_NAME)";
				WRAPPER_EXTENSION = app;
			};
			name = Debug;
		};
		ADB7D9E618F9343200EFDB02 /* Release */ = {
			isa = XCBuildConfiguration;
			buildSettings = {
				ASSETCATALOG_COMPILER_APPICON_NAME = AppIcon;
				ASSETCATALOG_COMPILER_LAUNCHIMAGE_NAME = LaunchImage;
				GCC_PRECOMPILE_PREFIX_HEADER = YES;
				GCC_PREFIX_HEADER = "Gomoku/Gomoku-Prefix.pch";
				INFOPLIST_FILE = "Gomoku/Gomoku-Info.plist";
				PRODUCT_NAME = "$(TARGET_NAME)";
				WRAPPER_EXTENSION = app;
			};
			name = Release;
		};
		ADB7D9E818F9343200EFDB02 /* Debug */ = {
			isa = XCBuildConfiguration;
			buildSettings = {
				BUNDLE_LOADER = "$(BUILT_PRODUCTS_DIR)/Gomoku.app/Gomoku";
				FRAMEWORK_SEARCH_PATHS = (
					"$(SDKROOT)/Developer/Library/Frameworks",
					"$(inherited)",
					"$(DEVELOPER_FRAMEWORKS_DIR)",
				);
				GCC_PRECOMPILE_PREFIX_HEADER = YES;
				GCC_PREFIX_HEADER = "Gomoku/Gomoku-Prefix.pch";
				GCC_PREPROCESSOR_DEFINITIONS = (
					"DEBUG=1",
					"$(inherited)",
				);
				INFOPLIST_FILE = "GomokuTests/GomokuTests-Info.plist";
				PRODUCT_NAME = "$(TARGET_NAME)";
				TEST_HOST = "$(BUNDLE_LOADER)";
				WRAPPER_EXTENSION = xctest;
			};
			name = Debug;
		};
		ADB7D9E918F9343200EFDB02 /* Release */ = {
			isa = XCBuildConfiguration;
			buildSettings = {
				BUNDLE_LOADER = "$(BUILT_PRODUCTS_DIR)/Gomoku.app/Gomoku";
				FRAMEWORK_SEARCH_PATHS = (
					"$(SDKROOT)/Developer/Library/Frameworks",
					"$(inherited)",
					"$(DEVELOPER_FRAMEWORKS_DIR)",
				);
				GCC_PRECOMPILE_PREFIX_HEADER = YES;
				GCC_PREFIX_HEADER = "Gomoku/Gomoku-Prefix.pch";
				INFOPLIST_FILE = "GomokuTests/GomokuTests-Info.plist";
				PRODUCT_NAME = "$(TARGET_NAME)";
				TEST_HOST = "$(BUNDLE_LOADER)";
				WRAPPER_EXTENSION = xctest;
			};
			name = Release;
		};
/* End XCBuildConfiguration section */

/* Begin XCConfigurationList section */
		ADB7D9B318F9343200EFDB02 /* Build configuration list for PBXProject "Gomoku" */ = {
			isa = XCConfigurationList;
			buildConfigurations = (
				ADB7D9E218F9343200EFDB02 /* Debug */,
				ADB7D9E318F9343200EFDB02 /* Release */,
			);
			defaultConfigurationIsVisible = 0;
			defaultConfigurationName = Release;
		};
		ADB7D9E418F9343200EFDB02 /* Build configuration list for PBXNativeTarget "Gomoku" */ = {
			isa = XCConfigurationList;
			buildConfigurations = (
				ADB7D9E518F9343200EFDB02 /* Debug */,
				ADB7D9E618F9343200EFDB02 /* Release */,
			);
			defaultConfigurationIsVisible = 0;
			defaultConfigurationName = Release;
		};
		ADB7D9E718F9343200EFDB02 /* Build configuration list for PBXNativeTarget "GomokuTests" */ = {
			isa = XCConfigurationList;
			buildConfigurations = (
				ADB7D9E818F9343200EFDB02 /* Debug */,
				ADB7D9E918F9343200EFDB02 /* Release */,
			);
			defaultConfigurationIsVisible = 0;
			defaultConfigurationName = Release;
		};
/* End XCConfigurationList section */
	};
	rootObject = ADB7D9B018F9343200EFDB02 /* Project object */;
}
